github.com/creack/pty v1.1.9/go.mod h1:oKZEueFk5CKHvIhNR5MUki03XCEU+Q6VDXinZuGJ33E=
github.com/davecgh/go-spew v1.1.1 h1:vj9j/u1bqnvCEfJOwUhtlOARqs3+rkHYY13jYWTU97c=
github.com/davecgh/go-spew v1.1.1/go.mod h1:J7Y8YcW2NihsgmVo/mv3lAwl/skON4iLHjSsI+c5H38=
github.com/h2non/filetype v1.1.3 h1:FKkx9QbD7HR/zjK1Ia5XiBsq9zdLi5Kf3zGyFTAFkGg=
github.com/h2non/filetype v1.1.3/go.mod h1:319b3zT68BvV+WRj7cwy856M2ehB3HqNOt6sy1HndBY=
github.com/kr/text v0.2.0 h1:5Nx0Ya0ZqY2ygV366QzturHI13Jq95ApcVaJBhpS+AY=
github.com/kr/text v0.2.0/go.mod h1:eLer722TekiGuMkidMxC/pM04lWEeraHUUmBw8l2grE=
github.com/michiwend/golang-pretty v0.0.0-20141116172505-8ac61812ea3f h1:oF0u/1VBm5gYitYvcIh443XZuYYkR50CP0Vsj3gAa1o=
github.com/michiwend/golang-pretty v0.0.0-20141116172505-8ac61812ea3f/go.mod h1:k0nOQg5bmAmEwWAuodvib9B74Oyny6aRMpkBcVWEtKs=
github.com/michiwend/gomusicbrainz v0.0.0-20181012083520-6c07e13dd396 h1:REpvt1iVqbiiBk2TihujngsSpHHMHiB/JBkQH/qkq8s=
github.com/michiwend/gomusicbrainz v0.0.0-20181012083520-6c07e13dd396/go.mod h1:HKpGCk/zijJ9GXdTWgtpnd5BbKDXtN0OQ3E4/zpxOwM=
github.com/pmezard/go-difflib v1.0.0 h1:4DBwDE0NGyQoBHbLQYPwSUPoCMWR5BEzIk/f1lZbAQM=
github.com/pmezard/go-difflib v1.0.0/go.mod h1:iKH77koFhYxTK1pcRnkKkqfTogsbg7gZNVY4sRDYZ/4=
github.com/stretchr/testify v1.11.1 h1:7s2iGBzp5EwR7/aIZr8ao5+dra3wiQyKjjFuvgVKu7U=
github.com/stretchr/testify v1.11.1/go.mod h1:wZwfW3scLgRK+23gO65QZefKpKQRnfz6sD981Nm4B6U=
github.com/tetratelabs/wazero v1.9.0 h1:IcZ56OuxrtaEz8UYNRHBrUa9bYeX9oVY93KspZZBf/I=
github.com/tetratelabs/wazero v1.9.0/go.mod h1:TSbcXCfFP0L2FGkRPxHphadXPjo1T6W+CseNNY7EkjM=
github.com/urfave/cli-altsrc/v3 v3.1.0 h1:6E5+kXeAWmRxXlPgdEVf9VqVoTJ2MJci0UMpUi/w/bA=
github.com/urfave/cli-altsrc/v3 v3.1.0/go.mod h1:VcWVTGXcL3nrXUDJZagHAeUX702La3PKeWav7KpISqA=
github.com/urfave/cli/v3 v3.4.1 h1:1M9UOCy5bLmGnuu1yn3t3CB4rG79Rtoxuv1sPhnm6qM=
github.com/urfave/cli/v3 v3.4.1/go.mod h1:FJSKtM/9AiiTOJL4fJ6TbMUkxBXn7GO9guZqoZtpYpo=
github.com/urfave/cli/v3 v3.5.0 h1:qCuFMmdayTF3zmjG8TSsoBzrDqszNrklYg2x3g4MSgw=
github.com/urfave/cli/v3 v3.5.0/go.mod h1:ysVLtOEmg2tOy6PknnYVhDoouyC/6N42TMeoMzskhso=
go.senan.xyz/taglib v0.10.4 h1:71NSJ5sM9seeo8R6Qoc6TuT5QBLy/xwtp3LTY2cWynU=
go.senan.xyz/taglib v0.10.4/go.mod h1:UMXxjvVuML3bZ63elOoUFtY2ZjwH88KB+DKWfF50ln8=
gopkg.in/check.v1 v0.0.0-20161208181325-20d25e280405 h1:yhCVgyC4o1eVCa2tZl7eS0r+SDo693bJlVdllGtEeKM=
gopkg.in/check.v1 v0.0.0-20161208181325-20d25e280405/go.mod h1:Co6ibVJAznAaIkqp8huTwlJQCZ016jof/cbN4VW5Yz0=
gopkg.in/yaml.v3 v3.0.1 h1:fxVm/GzAzEWqLHuvctI91KS9hhNmmWOoWu0XTYJS7CA=
gopkg.in/yaml.v3 v3.0.1/go.mod h1:K4uyk7z7BCEPqu6E+C64Yfv1cQ7kz7rIZviUmN+EgEM=
